{
    "_readme": [
        "This file locks the dependencies of your project to a known state",
        "Read more about it at https://getcomposer.org/doc/01-basic-usage.md#composer-lock-the-lock-file",
        "This file is @generated automatically"
    ],
    "hash": "ebf7483861f2a4ceff39338c45add238",
    "content-hash": "e2784373b57d1c834c68c963fffe277e",
    "packages": [
        {
            "name": "amnuts/opcache-gui",
            "version": "v2.4.0",
            "source": {
                "type": "git",
                "url": "https://github.com/amnuts/opcache-gui.git",
                "reference": "64247d6ffc02cf6588672a65eeb64a654ead0a74"
            },
            "dist": {
                "type": "zip",
                "url": "https://api.github.com/repos/amnuts/opcache-gui/zipball/64247d6ffc02cf6588672a65eeb64a654ead0a74",
                "reference": "64247d6ffc02cf6588672a65eeb64a654ead0a74",
                "shasum": ""
            },
            "require": {
                "ext-zend-opcache": "*",
                "php": ">=5.4"
            },
            "type": "library",
            "autoload": {
                "psr-4": {
                    "OpcacheGui\\": "/"
                }
            },
            "notification-url": "https://packagist.org/downloads/",
            "license": [
                "MIT"
            ],
            "authors": [
                {
                    "name": "Andrew Collington",
                    "email": "andy@amnuts.com",
                    "homepage": "http://www.amnuts.com/",
                    "role": "Developer"
                },
                {
                    "name": "Contributors",
                    "homepage": "https://github.com/amnuts/opcache-gui/graphs/contributors"
                }
            ],
            "description": "A clean, effective and responsive interface for Zend OPcache, with real(ish)-time monitoring, filtering and the ability to invalidate files",
            "keywords": [
                "Opcache",
                "cache",
                "gui",
                "interface",
                "opcodes"
            ],
            "time": "2017-12-28 19:37:52"
        }
    ],
    "packages-dev": [],
    "aliases": [],
    "minimum-stability": "stable",
    "stability-flags": [],
    "prefer-stable": false,
    "prefer-lowest": false,
    "platform": [],
    "platform-dev": []
}
